{
    "_readme": [
        "This file locks the dependencies of your project to a known state",
        "Read more about it at http://getcomposer.org/doc/01-basic-usage.md#composer-lock-the-lock-file",
        "This file is @generated automatically"
    ],
    "hash": "216a7e78a786bad5b586ebc96eac75ba",
    "packages": [
        {
            "name": "eloquent/enumeration",
            "version": "5.1.0",
            "source": {
                "type": "git",
                "url": "https://github.com/eloquent/enumeration.git",
                "reference": "9c50109cf25b2008b9b8233b814e50e0cdf8b737"
            },
            "dist": {
                "type": "zip",
                "url": "https://api.github.com/repos/eloquent/enumeration/zipball/9c50109cf25b2008b9b8233b814e50e0cdf8b737",
                "reference": "9c50109cf25b2008b9b8233b814e50e0cdf8b737",
                "shasum": ""
            },
            "require": {
                "php": ">=5.3"
            },
            "require-dev": {
                "icecave/archer": "~1"
            },
            "type": "library",
            "autoload": {
                "psr-4": {
                    "Eloquent\\Enumeration\\": "src"
                }
            },
            "notification-url": "https://packagist.org/downloads/",
            "license": [
                "MIT"
            ],
            "authors": [
                {
                    "name": "Erin Millard",
                    "email": "ezzatron@gmail.com",
                    "homepage": "http://ezzatron.com/"
                }
            ],
            "description": "An enumeration implementation for PHP.",
            "homepage": "https://github.com/eloquent/enumeration",
            "keywords": [
                "class",
                "enum",
                "enumeration",
                "multiton",
                "set",
                "type"
            ],
            "time": "2014-03-13 01:16:59"
        }
    ],
    "packages-dev": [

    ],
    "aliases": [

    ],
    "minimum-stability": "stable",
    "stability-flags": [

    ],
    "prefer-stable": false,
    "platform": {
        "php": ">=5.3",
        "ext-com_dotnet": "*"
    },
    "platform-dev": [

    ]
}
